
Microsoft Visual Studio Solution File, Format Version 12.00
# Visual Studio Version 17
VisualStudioVersion = 17.9.34728.123
MinimumVisualStudioVersion = 10.0.40219.1
Project("{8BC9CEB8-8B4A-11D0-8D11-00A0C91BC942}") = "SetApplication", "SetApplication.vcxproj", "{F7A713EE-2839-4D1C-B8FD-B69C850099F8}"
EndProject
Project("{8BC9CEB8-8B4A-11D0-8D11-00A0C91BC942}") = "StaticLibSet", "..\StaticLibSet\StaticLibSet.vcxproj", "{C10C724E-B0C9-43A2-872F-8E4F2A61BE25}"
EndProject
Project("{8BC9CEB8-8B4A-11D0-8D11-00A0C91BC942}") = "StaticLibSetTest", "..\StaticLibSetTest\StaticLibSetTest.vcxproj", "{6AF0A349-B659-4EA7-9B90-8E97F3ED70D6}"
EndProject
Global
	GlobalSection(SolutionConfigurationPlatforms) = preSolution
		Debug|x64 = Debug|x64
		Debug|x86 = Debug|x86
		Release|x64 = Release|x64
		Release|x86 = Release|x86
	EndGlobalSection
	GlobalSection(ProjectConfigurationPlatforms) = postSolution
		{F7A713EE-2839-4D1C-B8FD-B69C850099F8}.Debug|x64.ActiveCfg = Debug|x64
		{F7A713EE-2839-4D1C-B8FD-B69C850099F8}.Debug|x64.Build.0 = Debug|x64
		{F7A713EE-2839-4D1C-B8FD-B69C850099F8}.Debug|x86.ActiveCfg = Debug|Win32
		{F7A713EE-2839-4D1C-B8FD-B69C850099F8}.Debug|x86.Build.0 = Debug|Win32
		{F7A713EE-2839-4D1C-B8FD-B69C850099F8}.Release|x64.ActiveCfg = Release|x64
		{F7A713EE-2839-4D1C-B8FD-B69C850099F8}.Release|x64.Build.0 = Release|x64
		{F7A713EE-2839-4D1C-B8FD-B69C850099F8}.Release|x86.ActiveCfg = Release|Win32
		{F7A713EE-2839-4D1C-B8FD-B69C850099F8}.Release|x86.Build.0 = Release|Win32
		{C10C724E-B0C9-43A2-872F-8E4F2A61BE25}.Debug|x64.ActiveCfg = Debug|x64
		{C10C724E-B0C9-43A2-872F-8E4F2A61BE25}.Debug|x64.Build.0 = Debug|x64
		{C10C724E-B0C9-43A2-872F-8E4F2A61BE25}.Debug|x86.ActiveCfg = Debug|Win32
		{C10C724E-B0C9-43A2-872F-8E4F2A61BE25}.Debug|x86.Build.0 = Debug|Win32
		{C10C724E-B0C9-43A2-872F-8E4F2A61BE25}.Release|x64.ActiveCfg = Release|x64
		{C10C724E-B0C9-43A2-872F-8E4F2A61BE25}.Release|x64.Build.0 = Release|x64
		{C10C724E-B0C9-43A2-872F-8E4F2A61BE25}.Release|x86.ActiveCfg = Release|Win32
		{C10C724E-B0C9-43A2-872F-8E4F2A61BE25}.Release|x86.Build.0 = Release|Win32
		{6AF0A349-B659-4EA7-9B90-8E97F3ED70D6}.Debug|x64.ActiveCfg = Debug|x64
		{6AF0A349-B659-4EA7-9B90-8E97F3ED70D6}.Debug|x64.Build.0 = Debug|x64
		{6AF0A349-B659-4EA7-9B90-8E97F3ED70D6}.Debug|x86.ActiveCfg = Debug|Win32
		{6AF0A349-B659-4EA7-9B90-8E97F3ED70D6}.Debug|x86.Build.0 = Debug|Win32
		{6AF0A349-B659-4EA7-9B90-8E97F3ED70D6}.Release|x64.ActiveCfg = Release|x64
		{6AF0A349-B659-4EA7-9B90-8E97F3ED70D6}.Release|x64.Build.0 = Release|x64
		{6AF0A349-B659-4EA7-9B90-8E97F3ED70D6}.Release|x86.ActiveCfg = Release|Win32
		{6AF0A349-B659-4EA7-9B90-8E97F3ED70D6}.Release|x86.Build.0 = Release|Win32
	EndGlobalSection
	GlobalSection(SolutionProperties) = preSolution
		HideSolutionNode = FALSE
	EndGlobalSection
	GlobalSection(ExtensibilityGlobals) = postSolution
		SolutionGuid = {A4FFC8F0-4227-445F-987B-2CFC978D2202}
	EndGlobalSection
EndGlobal
